
Microsoft Visual Studio Solution File, Format Version 12.00
# Visual Studio Version 17
VisualStudioVersion = 17.4.33205.214
MinimumVisualStudioVersion = 10.0.40219.1
Project("{FAE04EC0-301F-11D3-BF4B-00C04F79EFBC}") = "Segundo Projeto", "Segundo Projeto\Segundo Projeto.csproj", "{1E06A5B2-E7A2-4B18-ABBB-1944AEECA545}"
EndProject
Global
	GlobalSection(SolutionConfigurationPlatforms) = preSolution
		Debug|Any CPU = Debug|Any CPU
		Release|Any CPU = Release|Any CPU
	EndGlobalSection
	GlobalSection(ProjectConfigurationPlatforms) = postSolution
		{1E06A5B2-E7A2-4B18-ABBB-1944AEECA545}.Debug|Any CPU.ActiveCfg = Debug|Any CPU
		{1E06A5B2-E7A2-4B18-ABBB-1944AEECA545}.Debug|Any CPU.Build.0 = Debug|Any CPU
		{1E06A5B2-E7A2-4B18-ABBB-1944AEECA545}.Release|Any CPU.ActiveCfg = Release|Any CPU
		{1E06A5B2-E7A2-4B18-ABBB-1944AEECA545}.Release|Any CPU.Build.0 = Release|Any CPU
	EndGlobalSection
	GlobalSection(SolutionProperties) = preSolution
		HideSolutionNode = FALSE
	EndGlobalSection
	GlobalSection(ExtensibilityGlobals) = postSolution
		SolutionGuid = {DB746B6D-F96B-4590-BFBD-7537D270F4A7}
	EndGlobalSection
EndGlobal
